
Microsoft Visual Studio Solution File, Format Version 12.00
# Visual Studio 2013
VisualStudioVersion = 12.0.31101.0
MinimumVisualStudioVersion = 10.0.40219.1
Project("{FAE04EC0-301F-11D3-BF4B-00C04F79EFBC}") = "ERPInventory", "ERPInventory\ERPInventory.csproj", "{E5864DC0-E9EB-4CA6-8677-73E66685DC13}"
EndProject
Project("{FAE04EC0-301F-11D3-BF4B-00C04F79EFBC}") = "ERPInventory.Model", "ERPInvenory.Model\ERPInventory.Model.csproj", "{14BAA6AE-7EF3-4E6B-8C8F-376DFE6B31A6}"
EndProject
Project("{FAE04EC0-301F-11D3-BF4B-00C04F79EFBC}") = "ERPInventory.DataLayer", "ERPInvenory.DataLayer\ERPInventory.DataLayer.csproj", "{98FD1CC1-48C5-4501-97E6-C4EF49708BD9}"
EndProject
Project("{FAE04EC0-301F-11D3-BF4B-00C04F79EFBC}") = "ERPInventory.BusinessLayer", "ERPInvenory.BusinessLayer\ERPInventory.BusinessLayer.csproj", "{4416D891-4B0B-40B4-B081-4CAB03FDEFF9}"
EndProject
Project("{FAE04EC0-301F-11D3-BF4B-00C04F79EFBC}") = "ERPInventory.Common", "ERPInvenory.Common\ERPInventory.Common.csproj", "{E9523E89-6AD0-4BD7-BA76-74BCEA812B4F}"
EndProject
Project("{2150E333-8FDC-42A3-9474-1A3956D46DE8}") = "Solution Items", "Solution Items", "{3F914BA1-21B5-4A03-B060-FFC7B26E4CA2}"
EndProject
Global
	GlobalSection(SolutionConfigurationPlatforms) = preSolution
		Debug|Any CPU = Debug|Any CPU
		Release|Any CPU = Release|Any CPU
	EndGlobalSection
	GlobalSection(ProjectConfigurationPlatforms) = postSolution
		{E5864DC0-E9EB-4CA6-8677-73E66685DC13}.Debug|Any CPU.ActiveCfg = Debug|Any CPU
		{E5864DC0-E9EB-4CA6-8677-73E66685DC13}.Debug|Any CPU.Build.0 = Debug|Any CPU
		{E5864DC0-E9EB-4CA6-8677-73E66685DC13}.Release|Any CPU.ActiveCfg = Release|Any CPU
		{E5864DC0-E9EB-4CA6-8677-73E66685DC13}.Release|Any CPU.Build.0 = Release|Any CPU
		{14BAA6AE-7EF3-4E6B-8C8F-376DFE6B31A6}.Debug|Any CPU.ActiveCfg = Debug|Any CPU
		{14BAA6AE-7EF3-4E6B-8C8F-376DFE6B31A6}.Debug|Any CPU.Build.0 = Debug|Any CPU
		{14BAA6AE-7EF3-4E6B-8C8F-376DFE6B31A6}.Release|Any CPU.ActiveCfg = Release|Any CPU
		{14BAA6AE-7EF3-4E6B-8C8F-376DFE6B31A6}.Release|Any CPU.Build.0 = Release|Any CPU
		{98FD1CC1-48C5-4501-97E6-C4EF49708BD9}.Debug|Any CPU.ActiveCfg = Debug|Any CPU
		{98FD1CC1-48C5-4501-97E6-C4EF49708BD9}.Debug|Any CPU.Build.0 = Debug|Any CPU
		{98FD1CC1-48C5-4501-97E6-C4EF49708BD9}.Release|Any CPU.ActiveCfg = Release|Any CPU
		{98FD1CC1-48C5-4501-97E6-C4EF49708BD9}.Release|Any CPU.Build.0 = Release|Any CPU
		{4416D891-4B0B-40B4-B081-4CAB03FDEFF9}.Debug|Any CPU.ActiveCfg = Debug|Any CPU
		{4416D891-4B0B-40B4-B081-4CAB03FDEFF9}.Debug|Any CPU.Build.0 = Debug|Any CPU
		{4416D891-4B0B-40B4-B081-4CAB03FDEFF9}.Release|Any CPU.ActiveCfg = Release|Any CPU
		{4416D891-4B0B-40B4-B081-4CAB03FDEFF9}.Release|Any CPU.Build.0 = Release|Any CPU
		{E9523E89-6AD0-4BD7-BA76-74BCEA812B4F}.Debug|Any CPU.ActiveCfg = Debug|Any CPU
		{E9523E89-6AD0-4BD7-BA76-74BCEA812B4F}.Debug|Any CPU.Build.0 = Debug|Any CPU
		{E9523E89-6AD0-4BD7-BA76-74BCEA812B4F}.Release|Any CPU.ActiveCfg = Release|Any CPU
		{E9523E89-6AD0-4BD7-BA76-74BCEA812B4F}.Release|Any CPU.Build.0 = Release|Any CPU
	EndGlobalSection
	GlobalSection(SolutionProperties) = preSolution
		HideSolutionNode = FALSE
	EndGlobalSection
EndGlobal
